# THIS IS AN AUTOGENERATED FILE. DO NOT EDIT THIS FILE DIRECTLY.
# yarn lockfile v1


"@types/node@^14.11.11":
  version "14.11.11"
  resolved "https://registry.npm.taobao.org/@types/node/download/@types/node-14.11.11.tgz?cache=0&sync_timestamp=1603175185875&other_urls=https%3A%2F%2Fregistry.npm.taobao.org%2F%40types%2Fnode%2Fdownload%2F%40types%2Fnode-14.11.11.tgz#359ea52236b5ccc04a71d4001c8467178a9d3699"
  integrity sha1-NZ6lIja1zMBKcdQAHIRnF4qdNpk=
